
Microsoft Visual Studio Solution File, Format Version 12.00
# Visual Studio Version 17
VisualStudioVersion = 17.3.32825.248
MinimumVisualStudioVersion = 10.0.40219.1
Project("{FAE04EC0-301F-11D3-BF4B-00C04F79EFBC}") = "desktopniko", "desktopniko\desktopniko.csproj", "{14471286-C189-47D0-94C2-31F04C97DA4E}"
EndProject
Global
	GlobalSection(SolutionConfigurationPlatforms) = preSolution
		Debug|Any CPU = Debug|Any CPU
		Release|Any CPU = Release|Any CPU
	EndGlobalSection
	GlobalSection(ProjectConfigurationPlatforms) = postSolution
		{14471286-C189-47D0-94C2-31F04C97DA4E}.Debug|Any CPU.ActiveCfg = Debug|Any CPU
		{14471286-C189-47D0-94C2-31F04C97DA4E}.Debug|Any CPU.Build.0 = Debug|Any CPU
		{14471286-C189-47D0-94C2-31F04C97DA4E}.Release|Any CPU.ActiveCfg = Release|Any CPU
		{14471286-C189-47D0-94C2-31F04C97DA4E}.Release|Any CPU.Build.0 = Release|Any CPU
	EndGlobalSection
	GlobalSection(SolutionProperties) = preSolution
		HideSolutionNode = FALSE
	EndGlobalSection
	GlobalSection(ExtensibilityGlobals) = postSolution
		SolutionGuid = {E6AF16C7-82EA-44D9-9FC5-11175DA3E539}
	EndGlobalSection
EndGlobal
